
Microsoft Visual Studio Solution File, Format Version 12.00
# Visual Studio Version 17
VisualStudioVersion = 17.0.31912.275
MinimumVisualStudioVersion = 10.0.40219.1
Project("{FAE04EC0-301F-11D3-BF4B-00C04F79EFBC}") = "Graphic_Lab1", "Graphic_Lab1\Graphic_Lab1.csproj", "{E88CFE59-FB5D-478C-B58F-B4E451683470}"
EndProject
Global
	GlobalSection(SolutionConfigurationPlatforms) = preSolution
		Debug|Any CPU = Debug|Any CPU
		Release|Any CPU = Release|Any CPU
	EndGlobalSection
	GlobalSection(ProjectConfigurationPlatforms) = postSolution
		{E88CFE59-FB5D-478C-B58F-B4E451683470}.Debug|Any CPU.ActiveCfg = Debug|Any CPU
		{E88CFE59-FB5D-478C-B58F-B4E451683470}.Debug|Any CPU.Build.0 = Debug|Any CPU
		{E88CFE59-FB5D-478C-B58F-B4E451683470}.Release|Any CPU.ActiveCfg = Release|Any CPU
		{E88CFE59-FB5D-478C-B58F-B4E451683470}.Release|Any CPU.Build.0 = Release|Any CPU
	EndGlobalSection
	GlobalSection(SolutionProperties) = preSolution
		HideSolutionNode = FALSE
	EndGlobalSection
	GlobalSection(ExtensibilityGlobals) = postSolution
		SolutionGuid = {C2A8E720-6464-4CF9-993E-97098661EA22}
	EndGlobalSection
EndGlobal
